PODS:
  - Alamofire (5.0.0-beta.2)

DEPENDENCIES:
  - Alamofire (~> 5.0.0-beta.2)

SPEC REPOS:
  https://github.com/cocoapods/specs.git:
    - Alamofire

SPEC CHECKSUMS:
  Alamofire: d1e5493588babe3e7b56ae29e8032942f4de09fe

PODFILE CHECKSUM: 997b7914cdad815eb09634449f590deadf1d6a0d

COCOAPODS: 1.6.1
